// !$*UTF8*$!
{
	archiveVersion = 1;
	classes = {
	};
	objectVersion = 46;
	objects = {

/* Begin PBXBuildFile section */
		9574D9BF1B79A80C002D26D2 /* main.m in Sources */ = {isa = PBXBuildFile; fileRef = 9574D9BE1B79A80C002D26D2 /* main.m */; };
		9574D9C21B79A80C002D26D2 /* AppDelegate.m in Sources */ = {isa = PBXBuildFile; fileRef = 9574D9C11B79A80C002D26D2 /* AppDelegate.m */; };
		9574D9C51B79A80C002D26D2 /* ViewController.m in Sources */ = {isa = PBXBuildFile; fileRef = 9574D9C41B79A80C002D26D2 /* ViewController.m */; };
		9574D9C81B79A80C002D26D2 /* Main.storyboard in Resources */ = {isa = PBXBuildFile; fileRef = 9574D9C61B79A80C002D26D2 /* Main.storyboard */; };
		9574D9CA1B79A80C002D26D2 /* Images.xcassets in Resources */ = {isa = PBXBuildFile; fileRef = 9574D9C91B79A80C002D26D2 /* Images.xcassets */; };
		9574D9CD1B79A80C002D26D2 /* LaunchScreen.xib in Resources */ = {isa = PBXBuildFile; fileRef = 9574D9CB1B79A80C002D26D2 /* LaunchScreen.xib */; };
		9574D9D91B79A80C002D26D2 /* pkpassViewerTests.m in Sources */ = {isa = PBXBuildFile; fileRef = 9574D9D81B79A80C002D26D2 /* pkpassViewerTests.m */; };
/* End PBXBuildFile section */

/* Begin PBXContainerItemProxy section */
		9574D9D31B79A80C002D26D2 /* PBXContainerItemProxy */ = {
			isa = PBXContainerItemProxy;
			containerPortal = 9574D9B11B79A80C002D26D2 /* Project object */;
			proxyType = 1;
			remoteGlobalIDString = 9574D9B81B79A80C002D26D2;
			remoteInfo = pkpassViewer;
		};
/* End PBXContainerItemProxy section */

/* Begin PBXFileReference section */
		9574D9B91B79A80C002D26D2 /* pkpassViewer.app */ = {isa = PBXFileReference; explicitFileType = wrapper.application; includeInIndex = 0; path = pkpassViewer.app; sourceTree = BUILT_PRODUCTS_DIR; };
		9574D9BD1B79A80C002D26D2 /* Info.plist */ = {isa = PBXFileReference; lastKnownFileType = text.plist.xml; path = Info.plist; sourceTree = "<group>"; };
		9574D9BE1B79A80C002D26D2 /* main.m */ = {isa = PBXFileReference; lastKnownFileType = sourcecode.c.objc; path = main.m; sourceTree = "<group>"; };
		9574D9C01B79A80C002D26D2 /* AppDelegate.h */ = {isa = PBXFileReference; lastKnownFileType = sourcecode.c.h; path = AppDelegate.h; sourceTree = "<group>"; };
		9574D9C11B79A80C002D26D2 /* AppDelegate.m */ = {isa = PBXFileReference; lastKnownFileType = sourcecode.c.objc; path = AppDelegate.m; sourceTree = "<group>"; };
		9574D9C31B79A80C002D26D2 /* ViewController.h */ = {isa = PBXFileReference; lastKnownFileType = sourcecode.c.h; path = ViewController.h; sourceTree = "<group>"; };
		9574D9C41B79A80C002D26D2 /* ViewController.m */ = {isa = PBXFileReference; lastKnownFileType = sourcecode.c.objc; path = ViewController.m; sourceTree = "<group>"; };
		9574D9C71B79A80C002D26D2 /* Base */ = {isa = PBXFileReference; lastKnownFileType = file.storyboard; name = Base; path = Base.lproj/Main.storyboard; sourceTree = "<group>"; };
		9574D9C91B79A80C002D26D2 /* Images.xcassets */ = {isa = PBXFileReference; lastKnownFileType = folder.assetcatalog; path = Images.xcassets; sourceTree = "<group>"; };
		9574D9CC1B79A80C002D26D2 /* Base */ = {isa = PBXFileReference; lastKnownFileType = file.xib; name = Base; path = Base.lproj/LaunchScreen.xib; sourceTree = "<group>"; };
		9574D9D21B79A80C002D26D2 /* pkpassViewerTests.xctest */ = {isa = PBXFileReference; explicitFileType = wrapper.cfbundle; includeInIndex = 0; path = pkpassViewerTests.xctest; sourceTree = BUILT_PRODUCTS_DIR; };
		9574D9D71B79A80C002D26D2 /* Info.plist */ = {isa = PBXFileReference; lastKnownFileType = text.plist.xml; path = Info.plist; sourceTree = "<group>"; };
		9574D9D81B79A80C002D26D2 /* pkpassViewerTests.m */ = {isa = PBXFileReference; lastKnownFileType = sourcecode.c.objc; path = pkpassViewerTests.m; sourceTree = "<group>"; };
/* End PBXFileReference section */

/* Begin PBXFrameworksBuildPhase section */
		9574D9B61B79A80C002D26D2 /* Frameworks */ = {
			isa = PBXFrameworksBuildPhase;
			buildActionMask = 2147483647;
			files = (
			);
			runOnlyForDeploymentPostprocessing = 0;
		};
		9574D9CF1B79A80C002D26D2 /* Frameworks */ = {
			isa = PBXFrameworksBuildPhase;
			buildActionMask = 2147483647;
			files = (
			);
			runOnlyForDeploymentPostprocessing = 0;
		};
/* End PBXFrameworksBuildPhase section */

/* Begin PBXGroup section */
		9574D9B01B79A80C002D26D2 = {
			isa = PBXGroup;
			children = (
				9574D9BB1B79A80C002D26D2 /* pkpassViewer */,
				9574D9D51B79A80C002D26D2 /* pkpassViewerTests */,
				9574D9BA1B79A80C002D26D2 /* Products */,
			);
			sourceTree = "<group>";
		};
		9574D9BA1B79A80C002D26D2 /* Products */ = {
			isa = PBXGroup;
			children = (
				9574D9B91B79A80C002D26D2 /* pkpassViewer.app */,
				9574D9D21B79A80C002D26D2 /* pkpassViewerTests.xctest */,
			);
			name = Products;
			sourceTree = "<group>";
		};
		9574D9BB1B79A80C002D26D2 /* pkpassViewer */ = {
			isa = PBXGroup;
			children = (
				9574D9C01B79A80C002D26D2 /* AppDelegate.h */,
				9574D9C11B79A80C002D26D2 /* AppDelegate.m */,
				9574D9C31B79A80C002D26D2 /* ViewController.h */,
				9574D9C41B79A80C002D26D2 /* ViewController.m */,
				9574D9C61B79A80C002D26D2 /* Main.storyboard */,
				9574D9C91B79A80C002D26D2 /* Images.xcassets */,
				9574D9CB1B79A80C002D26D2 /* LaunchScreen.xib */,
				9574D9BC1B79A80C002D26D2 /* Supporting Files */,
			);
			path = pkpassViewer;
			sourceTree = "<group>";
		};
		9574D9BC1B79A80C002D26D2 /* Supporting Files */ = {
			isa = PBXGroup;
			children = (
				9574D9BD1B79A80C002D26D2 /* Info.plist */,
				9574D9BE1B79A80C002D26D2 /* main.m */,
			);
			name = "Supporting Files";
			sourceTree = "<group>";
		};
		9574D9D51B79A80C002D26D2 /* pkpassViewerTests */ = {
			isa = PBXGroup;
			children = (
				9574D9D81B79A80C002D26D2 /* pkpassViewerTests.m */,
				9574D9D61B79A80C002D26D2 /* Supporting Files */,
			);
			path = pkpassViewerTests;
			sourceTree = "<group>";
		};
		9574D9D61B79A80C002D26D2 /* Supporting Files */ = {
			isa = PBXGroup;
			children = (
				9574D9D71B79A80C002D26D2 /* Info.plist */,
			);
			name = "Supporting Files";
			sourceTree = "<group>";
		};
/* End PBXGroup section */

/* Begin PBXNativeTarget section */
		9574D9B81B79A80C002D26D2 /* pkpassViewer */ = {
			isa = PBXNativeTarget;
			buildConfigurationList = 9574D9DC1B79A80C002D26D2 /* Build configuration list for PBXNativeTarget "pkpassViewer" */;
			buildPhases = (
				9574D9B51B79A80C002D26D2 /* Sources */,
				9574D9B61B79A80C002D26D2 /* Frameworks */,
				9574D9B71B79A80C002D26D2 /* Resources */,
			);
			buildRules = (
			);
			dependencies = (
			);
			name = pkpassViewer;
			productName = pkpassViewer;
			productReference = 9574D9B91B79A80C002D26D2 /* pkpassViewer.app */;
			productType = "com.apple.product-type.application";
		};
		9574D9D11B79A80C002D26D2 /* pkpassViewerTests */ = {
			isa = PBXNativeTarget;
			buildConfigurationList = 9574D9DF1B79A80C002D26D2 /* Build configuration list for PBXNativeTarget "pkpassViewerTests" */;
			buildPhases = (
				9574D9CE1B79A80C002D26D2 /* Sources */,
				9574D9CF1B79A80C002D26D2 /* Frameworks */,
				9574D9D01B79A80C002D26D2 /* Resources */,
			);
			buildRules = (
			);
			dependencies = (
				9574D9D41B79A80C002D26D2 /* PBXTargetDependency */,
			);
			name = pkpassViewerTests;
			productName = pkpassViewerTests;
			productReference = 9574D9D21B79A80C002D26D2 /* pkpassViewerTests.xctest */;
			productType = "com.apple.product-type.bundle.unit-test";
		};
/* End PBXNativeTarget section */

/* Begin PBXProject section */
		9574D9B11B79A80C002D26D2 /* Project object */ = {
			isa = PBXProject;
			attributes = {
				LastUpgradeCheck = 0640;
				ORGANIZATIONNAME = dnwin;
				TargetAttributes = {
					9574D9B81B79A80C002D26D2 = {
						CreatedOnToolsVersion = 6.4;
					};
					9574D9D11B79A80C002D26D2 = {
						CreatedOnToolsVersion = 6.4;
						TestTargetID = 9574D9B81B79A80C002D26D2;
					};
				};
			};
			buildConfigurationList = 9574D9B41B79A80C002D26D2 /* Build configuration list for PBXProject "pkpassViewer" */;
			compatibilityVersion = "Xcode 3.2";
			developmentRegion = English;
			hasScannedForEncodings = 0;
			knownRegions = (
				en,
				Base,
			);
			mainGroup = 9574D9B01B79A80C002D26D2;
			productRefGroup = 9574D9BA1B79A80C002D26D2 /* Products */;
			projectDirPath = "";
			projectRoot = "";
			targets = (
				9574D9B81B79A80C002D26D2 /* pkpassViewer */,
				9574D9D11B79A80C002D26D2 /* pkpassViewerTests */,
			);
		};
/* End PBXProject section */

/* Begin PBXResourcesBuildPhase section */
		9574D9B71B79A80C002D26D2 /* Resources */ = {
			isa = PBXResourcesBuildPhase;
			buildActionMask = 2147483647;
			files = (
				9574D9C81B79A80C002D26D2 /* Main.storyboard in Resources */,
				9574D9CD1B79A80C002D26D2 /* LaunchScreen.xib in Resources */,
				9574D9CA1B79A80C002D26D2 /* Images.xcassets in Resources */,
			);
			runOnlyForDeploymentPostprocessing = 0;
		};
		9574D9D01B79A80C002D26D2 /* Resources */ = {
			isa = PBXResourcesBuildPhase;
			buildActionMask = 2147483647;
			files = (
			);
			runOnlyForDeploymentPostprocessing = 0;
		};
/* End PBXResourcesBuildPhase section */

/* Begin PBXSourcesBuildPhase section */
		9574D9B51B79A80C002D26D2 /* Sources */ = {
			isa = PBXSourcesBuildPhase;
			buildActionMask = 2147483647;
			files = (
				9574D9C51B79A80C002D26D2 /* ViewController.m in Sources */,
				9574D9C21B79A80C002D26D2 /* AppDelegate.m in Sources */,
				9574D9BF1B79A80C002D26D2 /* main.m in Sources */,
			);
			runOnlyForDeploymentPostprocessing = 0;
		};
		9574D9CE1B79A80C002D26D2 /* Sources */ = {
			isa = PBXSourcesBuildPhase;
			buildActionMask = 2147483647;
			files = (
				9574D9D91B79A80C002D26D2 /* pkpassViewerTests.m in Sources */,
			);
			runOnlyForDeploymentPostprocessing = 0;
		};
/* End PBXSourcesBuildPhase section */

/* Begin PBXTargetDependency section */
		9574D9D41B79A80C002D26D2 /* PBXTargetDependency */ = {
			isa = PBXTargetDependency;
			target = 9574D9B81B79A80C002D26D2 /* pkpassViewer */;
			targetProxy = 9574D9D31B79A80C002D26D2 /* PBXContainerItemProxy */;
		};
/* End PBXTargetDependency section */

/* Begin PBXVariantGroup section */
		9574D9C61B79A80C002D26D2 /* Main.storyboard */ = {
			isa = PBXVariantGroup;
			children = (
				9574D9C71B79A80C002D26D2 /* Base */,
			);
			name = Main.storyboard;
			sourceTree = "<group>";
		};
		9574D9CB1B79A80C002D26D2 /* LaunchScreen.xib */ = {
			isa = PBXVariantGroup;
			children = (
				9574D9CC1B79A80C002D26D2 /* Base */,
			);
			name = LaunchScreen.xib;
			sourceTree = "<group>";
		};
/* End PBXVariantGroup section */

/* Begin XCBuildConfiguration section */
		9574D9DA1B79A80C002D26D2 /* Debug */ = {
			isa = XCBuildConfiguration;
			buildSettings = {
				ALWAYS_SEARCH_USER_PATHS = NO;
				CLANG_CXX_LANGUAGE_STANDARD = "gnu++0x";
				CLANG_CXX_LIBRARY = "libc++";
				CLANG_ENABLE_MODULES = YES;
				CLANG_ENABLE_OBJC_ARC = YES;
				CLANG_WARN_BOOL_CONVERSION = YES;
				CLANG_WARN_CONSTANT_CONVERSION = YES;
				CLANG_WARN_DIRECT_OBJC_ISA_USAGE = YES_ERROR;
				CLANG_WARN_EMPTY_BODY = YES;
				CLANG_WARN_ENUM_CONVERSION = YES;
				CLANG_WARN_INT_CONVERSION = YES;
				CLANG_WARN_OBJC_ROOT_CLASS = YES_ERROR;
				CLANG_WARN_UNREACHABLE_CODE = YES;
				CLANG_WARN__DUPLICATE_METHOD_MATCH = YES;
				"CODE_SIGN_IDENTITY[sdk=iphoneos*]" = "iPhone Developer";
				COPY_PHASE_STRIP = NO;
				DEBUG_INFORMATION_FORMAT = "dwarf-with-dsym";
				ENABLE_STRICT_OBJC_MSGSEND = YES;
				GCC_C_LANGUAGE_STANDARD = gnu99;
				GCC_DYNAMIC_NO_PIC = NO;
				GCC_NO_COMMON_BLOCKS = YES;
				GCC_OPTIMIZATION_LEVEL = 0;
				GCC_PREPROCESSOR_DEFINITIONS = (
					"DEBUG=1",
					"$(inherited)",
				);
				GCC_SYMBOLS_PRIVATE_EXTERN = NO;
				GCC_WARN_64_TO_32_BIT_CONVERSION = YES;
				GCC_WARN_ABOUT_RETURN_TYPE = YES_ERROR;
				GCC_WARN_UNDECLARED_SELECTOR = YES;
				GCC_WARN_UNINITIALIZED_AUTOS = YES_AGGRESSIVE;
				GCC_WARN_UNUSED_FUNCTION = YES;
				GCC_WARN_UNUSED_VARIABLE = YES;
				IPHONEOS_DEPLOYMENT_TARGET = 8.4;
				MTL_ENABLE_DEBUG_INFO = YES;
				ONLY_ACTIVE_ARCH = YES;
				SDKROOT = iphoneos;
				TARGETED_DEVICE_FAMILY = "1,2";
			};
			name = Debug;
		};
		9574D9DB1B79A80C002D26D2 /* Release */ = {
			isa = XCBuildConfiguration;
			buildSettings = {
				ALWAYS_SEARCH_USER_PATHS = NO;
				CLANG_CXX_LANGUAGE_STANDARD = "gnu++0x";
				CLANG_CXX_LIBRARY = "libc++";
				CLANG_ENABLE_MODULES = YES;
				CLANG_ENABLE_OBJC_ARC = YES;
				CLANG_WARN_BOOL_CONVERSION = YES;
				CLANG_WARN_CONSTANT_CONVERSION = YES;
				CLANG_WARN_DIRECT_OBJC_ISA_USAGE = YES_ERROR;
				CLANG_WARN_EMPTY_BODY = YES;
				CLANG_WARN_ENUM_CONVERSION = YES;
				CLANG_WARN_INT_CONVERSION = YES;
				CLANG_WARN_OBJC_ROOT_CLASS = YES_ERROR;
				CLANG_WARN_UNREACHABLE_CODE = YES;
				CLANG_WARN__DUPLICATE_METHOD_MATCH = YES;
				"CODE_SIGN_IDENTITY[sdk=iphoneos*]" = "iPhone Developer";
				COPY_PHASE_STRIP = NO;
				DEBUG_INFORMATION_FORMAT = "dwarf-with-dsym";
				ENABLE_NS_ASSERTIONS = NO;
				ENABLE_STRICT_OBJC_MSGSEND = YES;
				GCC_C_LANGUAGE_STANDARD = gnu99;
				GCC_NO_COMMON_BLOCKS = YES;
				GCC_WARN_64_TO_32_BIT_CONVERSION = YES;
				GCC_WARN_ABOUT_RETURN_TYPE = YES_ERROR;
				GCC_WARN_UNDECLARED_SELECTOR = YES;
				GCC_WARN_UNINITIALIZED_AUTOS = YES_AGGRESSIVE;
				GCC_WARN_UNUSED_FUNCTION = YES;
				GCC_WARN_UNUSED_VARIABLE = YES;
				IPHONEOS_DEPLOYMENT_TARGET = 8.4;
				MTL_ENABLE_DEBUG_INFO = NO;
				SDKROOT = iphoneos;
				TARGETED_DEVICE_FAMILY = "1,2";
				VALIDATE_PRODUCT = YES;
			};
			name = Release;
		};
		9574D9DD1B79A80C002D26D2 /* Debug */ = {
			isa = XCBuildConfiguration;
			buildSettings = {
				ASSETCATALOG_COMPILER_APPICON_NAME = AppIcon;
				INFOPLIST_FILE = pkpassViewer/Info.plist;
				LD_RUNPATH_SEARCH_PATHS = "$(inherited) @executable_path/Frameworks";
				PRODUCT_NAME = "$(TARGET_NAME)";
			};
			name = Debug;
		};
		9574D9DE1B79A80C002D26D2 /* Release */ = {
			isa = XCBuildConfiguration;
			buildSettings = {
				ASSETCATALOG_COMPILER_APPICON_NAME = AppIcon;
				INFOPLIST_FILE = pkpassViewer/Info.plist;
				LD_RUNPATH_SEARCH_PATHS = "$(inherited) @executable_path/Frameworks";
				PRODUCT_NAME = "$(TARGET_NAME)";
			};
			name = Release;
		};
		9574D9E01B79A80C002D26D2 /* Debug */ = {
			isa = XCBuildConfiguration;
			buildSettings = {
				BUNDLE_LOADER = "$(TEST_HOST)";
				FRAMEWORK_SEARCH_PATHS = (
					"$(SDKROOT)/Developer/Library/Frameworks",
					"$(inherited)",
				);
				GCC_PREPROCESSOR_DEFINITIONS = (
					"DEBUG=1",
					"$(inherited)",
				);
				INFOPLIST_FILE = pkpassViewerTests/Info.plist;
				LD_RUNPATH_SEARCH_PATHS = "$(inherited) @executable_path/Frameworks @loader_path/Frameworks";
				PRODUCT_NAME = "$(TARGET_NAME)";
				TEST_HOST = "$(BUILT_PRODUCTS_DIR)/pkpassViewer.app/pkpassViewer";
			};
			name = Debug;
		};
		9574D9E11B79A80C002D26D2 /* Release */ = {
			isa = XCBuildConfiguration;
			buildSettings = {
				BUNDLE_LOADER = "$(TEST_HOST)";
				FRAMEWORK_SEARCH_PATHS = (
					"$(SDKROOT)/Developer/Library/Frameworks",
					"$(inherited)",
				);
				INFOPLIST_FILE = pkpassViewerTests/Info.plist;
				LD_RUNPATH_SEARCH_PATHS = "$(inherited) @executable_path/Frameworks @loader_path/Frameworks";
				PRODUCT_NAME = "$(TARGET_NAME)";
				TEST_HOST = "$(BUILT_PRODUCTS_DIR)/pkpassViewer.app/pkpassViewer";
			};
			name = Release;
		};
/* End XCBuildConfiguration section */

/* Begin XCConfigurationList section */
		9574D9B41B79A80C002D26D2 /* Build configuration list for PBXProject "pkpassViewer" */ = {
			isa = XCConfigurationList;
			buildConfigurations = (
				9574D9DA1B79A80C002D26D2 /* Debug */,
				9574D9DB1B79A80C002D26D2 /* Release */,
			);
			defaultConfigurationIsVisible = 0;
			defaultConfigurationName = Release;
		};
		9574D9DC1B79A80C002D26D2 /* Build configuration list for PBXNativeTarget "pkpassViewer" */ = {
			isa = XCConfigurationList;
			buildConfigurations = (
				9574D9DD1B79A80C002D26D2 /* Debug */,
				9574D9DE1B79A80C002D26D2 /* Release */,
			);
			defaultConfigurationIsVisible = 0;
		};
		9574D9DF1B79A80C002D26D2 /* Build configuration list for PBXNativeTarget "pkpassViewerTests" */ = {
			isa = XCConfigurationList;
			buildConfigurations = (
				9574D9E01B79A80C002D26D2 /* Debug */,
				9574D9E11B79A80C002D26D2 /* Release */,
			);
			defaultConfigurationIsVisible = 0;
		};
/* End XCConfigurationList section */
	};
	rootObject = 9574D9B11B79A80C002D26D2 /* Project object */;
}
